// !$*UTF8*$!
{
	archiveVersion = 1;
	classes = {
	};
	objectVersion = 56;
	objects = {

/* Begin PBXBuildFile section */
		08A16E9029C98436003A5F1F /* week3_WorkshopApp.swift in Sources */ = {isa = PBXBuildFile; fileRef = 08A16E8F29C98436003A5F1F /* week3_WorkshopApp.swift */; };
		08A16E9229C98436003A5F1F /* ContentView.swift in Sources */ = {isa = PBXBuildFile; fileRef = 08A16E9129C98436003A5F1F /* ContentView.swift */; };
		08A16E9429C98438003A5F1F /* Assets.xcassets in Resources */ = {isa = PBXBuildFile; fileRef = 08A16E9329C98438003A5F1F /* Assets.xcassets */; };
		08A16E9729C98438003A5F1F /* Preview Assets.xcassets in Resources */ = {isa = PBXBuildFile; fileRef = 08A16E9629C98438003A5F1F /* Preview Assets.xcassets */; };
		08A16EA129C98438003A5F1F /* week3_WorkshopTests.swift in Sources */ = {isa = PBXBuildFile; fileRef = 08A16EA029C98438003A5F1F /* week3_WorkshopTests.swift */; };
		08A16EAB29C98438003A5F1F /* week3_WorkshopUITests.swift in Sources */ = {isa = PBXBuildFile; fileRef = 08A16EAA29C98438003A5F1F /* week3_WorkshopUITests.swift */; };
		08A16EAD29C98438003A5F1F /* week3_WorkshopUITestsLaunchTests.swift in Sources */ = {isa = PBXBuildFile; fileRef = 08A16EAC29C98438003A5F1F /* week3_WorkshopUITestsLaunchTests.swift */; };
/* End PBXBuildFile section */

/* Begin PBXContainerItemProxy section */
		08A16E9D29C98438003A5F1F /* PBXContainerItemProxy */ = {
			isa = PBXContainerItemProxy;
			containerPortal = 08A16E8429C98436003A5F1F /* Project object */;
			proxyType = 1;
			remoteGlobalIDString = 08A16E8B29C98436003A5F1F;
			remoteInfo = "week3 Workshop";
		};
		08A16EA729C98438003A5F1F /* PBXContainerItemProxy */ = {
			isa = PBXContainerItemProxy;
			containerPortal = 08A16E8429C98436003A5F1F /* Project object */;
			proxyType = 1;
			remoteGlobalIDString = 08A16E8B29C98436003A5F1F;
			remoteInfo = "week3 Workshop";
		};
/* End PBXContainerItemProxy section */

/* Begin PBXFileReference section */
		08A16E8C29C98436003A5F1F /* week3 Workshop.app */ = {isa = PBXFileReference; explicitFileType = wrapper.application; includeInIndex = 0; path = "week3 Workshop.app"; sourceTree = BUILT_PRODUCTS_DIR; };
		08A16E8F29C98436003A5F1F /* week3_WorkshopApp.swift */ = {isa = PBXFileReference; lastKnownFileType = sourcecode.swift; path = week3_WorkshopApp.swift; sourceTree = "<group>"; };
		08A16E9129C98436003A5F1F /* ContentView.swift */ = {isa = PBXFileReference; lastKnownFileType = sourcecode.swift; path = ContentView.swift; sourceTree = "<group>"; };
		08A16E9329C98438003A5F1F /* Assets.xcassets */ = {isa = PBXFileReference; lastKnownFileType = folder.assetcatalog; path = Assets.xcassets; sourceTree = "<group>"; };
		08A16E9629C98438003A5F1F /* Preview Assets.xcassets */ = {isa = PBXFileReference; lastKnownFileType = folder.assetcatalog; path = "Preview Assets.xcassets"; sourceTree = "<group>"; };
		08A16E9C29C98438003A5F1F /* week3 WorkshopTests.xctest */ = {isa = PBXFileReference; explicitFileType = wrapper.cfbundle; includeInIndex = 0; path = "week3 WorkshopTests.xctest"; sourceTree = BUILT_PRODUCTS_DIR; };
		08A16EA029C98438003A5F1F /* week3_WorkshopTests.swift */ = {isa = PBXFileReference; lastKnownFileType = sourcecode.swift; path = week3_WorkshopTests.swift; sourceTree = "<group>"; };
		08A16EA629C98438003A5F1F /* week3 WorkshopUITests.xctest */ = {isa = PBXFileReference; explicitFileType = wrapper.cfbundle; includeInIndex = 0; path = "week3 WorkshopUITests.xctest"; sourceTree = BUILT_PRODUCTS_DIR; };
		08A16EAA29C98438003A5F1F /* week3_WorkshopUITests.swift */ = {isa = PBXFileReference; lastKnownFileType = sourcecode.swift; path = week3_WorkshopUITests.swift; sourceTree = "<group>"; };
		08A16EAC29C98438003A5F1F /* week3_WorkshopUITestsLaunchTests.swift */ = {isa = PBXFileReference; lastKnownFileType = sourcecode.swift; path = week3_WorkshopUITestsLaunchTests.swift; sourceTree = "<group>"; };
/* End PBXFileReference section */

/* Begin PBXFrameworksBuildPhase section */
		08A16E8929C98436003A5F1F /* Frameworks */ = {
			isa = PBXFrameworksBuildPhase;
			buildActionMask = 2147483647;
			files = (
			);
			runOnlyForDeploymentPostprocessing = 0;
		};
		08A16E9929C98438003A5F1F /* Frameworks */ = {
			isa = PBXFrameworksBuildPhase;
			buildActionMask = 2147483647;
			files = (
			);
			runOnlyForDeploymentPostprocessing = 0;
		};
		08A16EA329C98438003A5F1F /* Frameworks */ = {
			isa = PBXFrameworksBuildPhase;
			buildActionMask = 2147483647;
			files = (
			);
			runOnlyForDeploymentPostprocessing = 0;
		};
/* End PBXFrameworksBuildPhase section */

/* Begin PBXGroup section */
		08A16E8329C98436003A5F1F = {
			isa = PBXGroup;
			children = (
				08A16E8E29C98436003A5F1F /* week3 Workshop */,
				08A16E9F29C98438003A5F1F /* week3 WorkshopTests */,
				08A16EA929C98438003A5F1F /* week3 WorkshopUITests */,
				08A16E8D29C98436003A5F1F /* Products */,
			);
			sourceTree = "<group>";
		};
		08A16E8D29C98436003A5F1F /* Products */ = {
			isa = PBXGroup;
			children = (
				08A16E8C29C98436003A5F1F /* week3 Workshop.app */,
				08A16E9C29C98438003A5F1F /* week3 WorkshopTests.xctest */,
				08A16EA629C98438003A5F1F /* week3 WorkshopUITests.xctest */,
			);
			name = Products;
			sourceTree = "<group>";
		};
		08A16E8E29C98436003A5F1F /* week3 Workshop */ = {
			isa = PBXGroup;
			children = (
				08A16E8F29C98436003A5F1F /* week3_WorkshopApp.swift */,
				08A16E9129C98436003A5F1F /* ContentView.swift */,
				08A16E9329C98438003A5F1F /* Assets.xcassets */,
				08A16E9529C98438003A5F1F /* Preview Content */,
			);
			path = "week3 Workshop";
			sourceTree = "<group>";
		};
		08A16E9529C98438003A5F1F /* Preview Content */ = {
			isa = PBXGroup;
			children = (
				08A16E9629C98438003A5F1F /* Preview Assets.xcassets */,
			);
			path = "Preview Content";
			sourceTree = "<group>";
		};
		08A16E9F29C98438003A5F1F /* week3 WorkshopTests */ = {
			isa = PBXGroup;
			children = (
				08A16EA029C98438003A5F1F /* week3_WorkshopTests.swift */,
			);
			path = "week3 WorkshopTests";
			sourceTree = "<group>";
		};
		08A16EA929C98438003A5F1F /* week3 WorkshopUITests */ = {
			isa = PBXGroup;
			children = (
				08A16EAA29C98438003A5F1F /* week3_WorkshopUITests.swift */,
				08A16EAC29C98438003A5F1F /* week3_WorkshopUITestsLaunchTests.swift */,
			);
			path = "week3 WorkshopUITests";
			sourceTree = "<group>";
		};
/* End PBXGroup section */

/* Begin PBXNativeTarget section */
		08A16E8B29C98436003A5F1F /* week3 Workshop */ = {
			isa = PBXNativeTarget;
			buildConfigurationList = 08A16EB029C98438003A5F1F /* Build configuration list for PBXNativeTarget "week3 Workshop" */;
			buildPhases = (
				08A16E8829C98436003A5F1F /* Sources */,
				08A16E8929C98436003A5F1F /* Frameworks */,
				08A16E8A29C98436003A5F1F /* Resources */,
			);
			buildRules = (
			);
			dependencies = (
			);
			name = "week3 Workshop";
			productName = "week3 Workshop";
			productReference = 08A16E8C29C98436003A5F1F /* week3 Workshop.app */;
			productType = "com.apple.product-type.application";
		};
		08A16E9B29C98438003A5F1F /* week3 WorkshopTests */ = {
			isa = PBXNativeTarget;
			buildConfigurationList = 08A16EB329C98438003A5F1F /* Build configuration list for PBXNativeTarget "week3 WorkshopTests" */;
			buildPhases = (
				08A16E9829C98438003A5F1F /* Sources */,
				08A16E9929C98438003A5F1F /* Frameworks */,
				08A16E9A29C98438003A5F1F /* Resources */,
			);
			buildRules = (
			);
			dependencies = (
				08A16E9E29C98438003A5F1F /* PBXTargetDependency */,
			);
			name = "week3 WorkshopTests";
			productName = "week3 WorkshopTests";
			productReference = 08A16E9C29C98438003A5F1F /* week3 WorkshopTests.xctest */;
			productType = "com.apple.product-type.bundle.unit-test";
		};
		08A16EA529C98438003A5F1F /* week3 WorkshopUITests */ = {
			isa = PBXNativeTarget;
			buildConfigurationList = 08A16EB629C98438003A5F1F /* Build configuration list for PBXNativeTarget "week3 WorkshopUITests" */;
			buildPhases = (
				08A16EA229C98438003A5F1F /* Sources */,
				08A16EA329C98438003A5F1F /* Frameworks */,
				08A16EA429C98438003A5F1F /* Resources */,
			);
			buildRules = (
			);
			dependencies = (
				08A16EA829C98438003A5F1F /* PBXTargetDependency */,
			);
			name = "week3 WorkshopUITests";
			productName = "week3 WorkshopUITests";
			productReference = 08A16EA629C98438003A5F1F /* week3 WorkshopUITests.xctest */;
			productType = "com.apple.product-type.bundle.ui-testing";
		};
/* End PBXNativeTarget section */

/* Begin PBXProject section */
		08A16E8429C98436003A5F1F /* Project object */ = {
			isa = PBXProject;
			attributes = {
				BuildIndependentTargetsInParallel = 1;
				LastSwiftUpdateCheck = 1420;
				LastUpgradeCheck = 1420;
				TargetAttributes = {
					08A16E8B29C98436003A5F1F = {
						CreatedOnToolsVersion = 14.2;
					};
					08A16E9B29C98438003A5F1F = {
						CreatedOnToolsVersion = 14.2;
						TestTargetID = 08A16E8B29C98436003A5F1F;
					};
					08A16EA529C98438003A5F1F = {
						CreatedOnToolsVersion = 14.2;
						TestTargetID = 08A16E8B29C98436003A5F1F;
					};
				};
			};
			buildConfigurationList = 08A16E8729C98436003A5F1F /* Build configuration list for PBXProject "week3 Workshop" */;
			compatibilityVersion = "Xcode 14.0";
			developmentRegion = en;
			hasScannedForEncodings = 0;
			knownRegions = (
				en,
				Base,
			);
			mainGroup = 08A16E8329C98436003A5F1F;
			productRefGroup = 08A16E8D29C98436003A5F1F /* Products */;
			projectDirPath = "";
			projectRoot = "";
			targets = (
				08A16E8B29C98436003A5F1F /* week3 Workshop */,
				08A16E9B29C98438003A5F1F /* week3 WorkshopTests */,
				08A16EA529C98438003A5F1F /* week3 WorkshopUITests */,
			);
		};
/* End PBXProject section */

/* Begin PBXResourcesBuildPhase section */
		08A16E8A29C98436003A5F1F /* Resources */ = {
			isa = PBXResourcesBuildPhase;
			buildActionMask = 2147483647;
			files = (
				08A16E9729C98438003A5F1F /* Preview Assets.xcassets in Resources */,
				08A16E9429C98438003A5F1F /* Assets.xcassets in Resources */,
			);
			runOnlyForDeploymentPostprocessing = 0;
		};
		08A16E9A29C98438003A5F1F /* Resources */ = {
			isa = PBXResourcesBuildPhase;
			buildActionMask = 2147483647;
			files = (
			);
			runOnlyForDeploymentPostprocessing = 0;
		};
		08A16EA429C98438003A5F1F /* Resources */ = {
			isa = PBXResourcesBuildPhase;
			buildActionMask = 2147483647;
			files = (
			);
			runOnlyForDeploymentPostprocessing = 0;
		};
/* End PBXResourcesBuildPhase section */

/* Begin PBXSourcesBuildPhase section */
		08A16E8829C98436003A5F1F /* Sources */ = {
			isa = PBXSourcesBuildPhase;
			buildActionMask = 2147483647;
			files = (
				08A16E9229C98436003A5F1F /* ContentView.swift in Sources */,
				08A16E9029C98436003A5F1F /* week3_WorkshopApp.swift in Sources */,
			);
			runOnlyForDeploymentPostprocessing = 0;
		};
		08A16E9829C98438003A5F1F /* Sources */ = {
			isa = PBXSourcesBuildPhase;
			buildActionMask = 2147483647;
			files = (
				08A16EA129C98438003A5F1F /* week3_WorkshopTests.swift in Sources */,
			);
			runOnlyForDeploymentPostprocessing = 0;
		};
		08A16EA229C98438003A5F1F /* Sources */ = {
			isa = PBXSourcesBuildPhase;
			buildActionMask = 2147483647;
			files = (
				08A16EAB29C98438003A5F1F /* week3_WorkshopUITests.swift in Sources */,
				08A16EAD29C98438003A5F1F /* week3_WorkshopUITestsLaunchTests.swift in Sources */,
			);
			runOnlyForDeploymentPostprocessing = 0;
		};
/* End PBXSourcesBuildPhase section */

/* Begin PBXTargetDependency section */
		08A16E9E29C98438003A5F1F /* PBXTargetDependency */ = {
			isa = PBXTargetDependency;
			target = 08A16E8B29C98436003A5F1F /* week3 Workshop */;
			targetProxy = 08A16E9D29C98438003A5F1F /* PBXContainerItemProxy */;
		};
		08A16EA829C98438003A5F1F /* PBXTargetDependency */ = {
			isa = PBXTargetDependency;
			target = 08A16E8B29C98436003A5F1F /* week3 Workshop */;
			targetProxy = 08A16EA729C98438003A5F1F /* PBXContainerItemProxy */;
		};
/* End PBXTargetDependency section */

/* Begin XCBuildConfiguration section */
		08A16EAE29C98438003A5F1F /* Debug */ = {
			isa = XCBuildConfiguration;
			buildSettings = {
				ALWAYS_SEARCH_USER_PATHS = NO;
				CLANG_ANALYZER_NONNULL = YES;
				CLANG_ANALYZER_NUMBER_OBJECT_CONVERSION = YES_AGGRESSIVE;
				CLANG_CXX_LANGUAGE_STANDARD = "gnu++20";
				CLANG_ENABLE_MODULES = YES;
				CLANG_ENABLE_OBJC_ARC = YES;
				CLANG_ENABLE_OBJC_WEAK = YES;
				CLANG_WARN_BLOCK_CAPTURE_AUTORELEASING = YES;
				CLANG_WARN_BOOL_CONVERSION = YES;
				CLANG_WARN_COMMA = YES;
				CLANG_WARN_CONSTANT_CONVERSION = YES;
				CLANG_WARN_DEPRECATED_OBJC_IMPLEMENTATIONS = YES;
				CLANG_WARN_DIRECT_OBJC_ISA_USAGE = YES_ERROR;
				CLANG_WARN_DOCUMENTATION_COMMENTS = YES;
				CLANG_WARN_EMPTY_BODY = YES;
				CLANG_WARN_ENUM_CONVERSION = YES;
				CLANG_WARN_INFINITE_RECURSION = YES;
				CLANG_WARN_INT_CONVERSION = YES;
				CLANG_WARN_NON_LITERAL_NULL_CONVERSION = YES;
				CLANG_WARN_OBJC_IMPLICIT_RETAIN_SELF = YES;
				CLANG_WARN_OBJC_LITERAL_CONVERSION = YES;
				CLANG_WARN_OBJC_ROOT_CLASS = YES_ERROR;
				CLANG_WARN_QUOTED_INCLUDE_IN_FRAMEWORK_HEADER = YES;
				CLANG_WARN_RANGE_LOOP_ANALYSIS = YES;
				CLANG_WARN_STRICT_PROTOTYPES = YES;
				CLANG_WARN_SUSPICIOUS_MOVE = YES;
				CLANG_WARN_UNGUARDED_AVAILABILITY = YES_AGGRESSIVE;
				CLANG_WARN_UNREACHABLE_CODE = YES;
				CLANG_WARN__DUPLICATE_METHOD_MATCH = YES;
				COPY_PHASE_STRIP = NO;
				DEBUG_INFORMATION_FORMAT = dwarf;
				ENABLE_STRICT_OBJC_MSGSEND = YES;
				ENABLE_TESTABILITY = YES;
				GCC_C_LANGUAGE_STANDARD = gnu11;
				GCC_DYNAMIC_NO_PIC = NO;
				GCC_NO_COMMON_BLOCKS = YES;
				GCC_OPTIMIZATION_LEVEL = 0;
				GCC_PREPROCESSOR_DEFINITIONS = (
					"DEBUG=1",
					"$(inherited)",
				);
				GCC_WARN_64_TO_32_BIT_CONVERSION = YES;
				GCC_WARN_ABOUT_RETURN_TYPE = YES_ERROR;
				GCC_WARN_UNDECLARED_SELECTOR = YES;
				GCC_WARN_UNINITIALIZED_AUTOS = YES_AGGRESSIVE;
				GCC_WARN_UNUSED_FUNCTION = YES;
				GCC_WARN_UNUSED_VARIABLE = YES;
				IPHONEOS_DEPLOYMENT_TARGET = 16.2;
				MTL_ENABLE_DEBUG_INFO = INCLUDE_SOURCE;
				MTL_FAST_MATH = YES;
				ONLY_ACTIVE_ARCH = YES;
				SDKROOT = iphoneos;
				SWIFT_ACTIVE_COMPILATION_CONDITIONS = DEBUG;
				SWIFT_OPTIMIZATION_LEVEL = "-Onone";
			};
			name = Debug;
		};
		08A16EAF29C98438003A5F1F /* Release */ = {
			isa = XCBuildConfiguration;
			buildSettings = {
				ALWAYS_SEARCH_USER_PATHS = NO;
				CLANG_ANALYZER_NONNULL = YES;
				CLANG_ANALYZER_NUMBER_OBJECT_CONVERSION = YES_AGGRESSIVE;
				CLANG_CXX_LANGUAGE_STANDARD = "gnu++20";
				CLANG_ENABLE_MODULES = YES;
				CLANG_ENABLE_OBJC_ARC = YES;
				CLANG_ENABLE_OBJC_WEAK = YES;
				CLANG_WARN_BLOCK_CAPTURE_AUTORELEASING = YES;
				CLANG_WARN_BOOL_CONVERSION = YES;
				CLANG_WARN_COMMA = YES;
				CLANG_WARN_CONSTANT_CONVERSION = YES;
				CLANG_WARN_DEPRECATED_OBJC_IMPLEMENTATIONS = YES;
				CLANG_WARN_DIRECT_OBJC_ISA_USAGE = YES_ERROR;
				CLANG_WARN_DOCUMENTATION_COMMENTS = YES;
				CLANG_WARN_EMPTY_BODY = YES;
				CLANG_WARN_ENUM_CONVERSION = YES;
				CLANG_WARN_INFINITE_RECURSION = YES;
				CLANG_WARN_INT_CONVERSION = YES;
				CLANG_WARN_NON_LITERAL_NULL_CONVERSION = YES;
				CLANG_WARN_OBJC_IMPLICIT_RETAIN_SELF = YES;
				CLANG_WARN_OBJC_LITERAL_CONVERSION = YES;
				CLANG_WARN_OBJC_ROOT_CLASS = YES_ERROR;
				CLANG_WARN_QUOTED_INCLUDE_IN_FRAMEWORK_HEADER = YES;
				CLANG_WARN_RANGE_LOOP_ANALYSIS = YES;
				CLANG_WARN_STRICT_PROTOTYPES = YES;
				CLANG_WARN_SUSPICIOUS_MOVE = YES;
				CLANG_WARN_UNGUARDED_AVAILABILITY = YES_AGGRESSIVE;
				CLANG_WARN_UNREACHABLE_CODE = YES;
				CLANG_WARN__DUPLICATE_METHOD_MATCH = YES;
				COPY_PHASE_STRIP = NO;
				DEBUG_INFORMATION_FORMAT = "dwarf-with-dsym";
				ENABLE_NS_ASSERTIONS = NO;
				ENABLE_STRICT_OBJC_MSGSEND = YES;
				GCC_C_LANGUAGE_STANDARD = gnu11;
				GCC_NO_COMMON_BLOCKS = YES;
				GCC_WARN_64_TO_32_BIT_CONVERSION = YES;
				GCC_WARN_ABOUT_RETURN_TYPE = YES_ERROR;
				GCC_WARN_UNDECLARED_SELECTOR = YES;
				GCC_WARN_UNINITIALIZED_AUTOS = YES_AGGRESSIVE;
				GCC_WARN_UNUSED_FUNCTION = YES;
				GCC_WARN_UNUSED_VARIABLE = YES;
				IPHONEOS_DEPLOYMENT_TARGET = 16.2;
				MTL_ENABLE_DEBUG_INFO = NO;
				MTL_FAST_MATH = YES;
				SDKROOT = iphoneos;
				SWIFT_COMPILATION_MODE = wholemodule;
				SWIFT_OPTIMIZATION_LEVEL = "-O";
				VALIDATE_PRODUCT = YES;
			};
			name = Release;
		};
		08A16EB129C98438003A5F1F /* Debug */ = {
			isa = XCBuildConfiguration;
			buildSettings = {
				ASSETCATALOG_COMPILER_APPICON_NAME = AppIcon;
				ASSETCATALOG_COMPILER_GLOBAL_ACCENT_COLOR_NAME = AccentColor;
				CODE_SIGN_STYLE = Automatic;
				CURRENT_PROJECT_VERSION = 1;
				DEVELOPMENT_ASSET_PATHS = "\"week3 Workshop/Preview Content\"";
				ENABLE_PREVIEWS = YES;
				GENERATE_INFOPLIST_FILE = YES;
				INFOPLIST_KEY_UIApplicationSceneManifest_Generation = YES;
				INFOPLIST_KEY_UIApplicationSupportsIndirectInputEvents = YES;
				INFOPLIST_KEY_UILaunchScreen_Generation = YES;
				INFOPLIST_KEY_UISupportedInterfaceOrientations_iPad = "UIInterfaceOrientationPortrait UIInterfaceOrientationPortraitUpsideDown UIInterfaceOrientationLandscapeLeft UIInterfaceOrientationLandscapeRight";
				INFOPLIST_KEY_UISupportedInterfaceOrientations_iPhone = "UIInterfaceOrientationPortrait UIInterfaceOrientationLandscapeLeft UIInterfaceOrientationLandscapeRight";
				LD_RUNPATH_SEARCH_PATHS = (
					"$(inherited)",
					"@executable_path/Frameworks",
				);
				MARKETING_VERSION = 1.0;
				PRODUCT_BUNDLE_IDENTIFIER = "wwc.week3-Workshop";
				PRODUCT_NAME = "$(TARGET_NAME)";
				SWIFT_EMIT_LOC_STRINGS = YES;
				SWIFT_VERSION = 5.0;
				TARGETED_DEVICE_FAMILY = "1,2";
			};
			name = Debug;
		};
		08A16EB229C98438003A5F1F /* Release */ = {
			isa = XCBuildConfiguration;
			buildSettings = {
				ASSETCATALOG_COMPILER_APPICON_NAME = AppIcon;
				ASSETCATALOG_COMPILER_GLOBAL_ACCENT_COLOR_NAME = AccentColor;
				CODE_SIGN_STYLE = Automatic;
				CURRENT_PROJECT_VERSION = 1;
				DEVELOPMENT_ASSET_PATHS = "\"week3 Workshop/Preview Content\"";
				ENABLE_PREVIEWS = YES;
				GENERATE_INFOPLIST_FILE = YES;
				INFOPLIST_KEY_UIApplicationSceneManifest_Generation = YES;
				INFOPLIST_KEY_UIApplicationSupportsIndirectInputEvents = YES;
				INFOPLIST_KEY_UILaunchScreen_Generation = YES;
				INFOPLIST_KEY_UISupportedInterfaceOrientations_iPad = "UIInterfaceOrientationPortrait UIInterfaceOrientationPortraitUpsideDown UIInterfaceOrientationLandscapeLeft UIInterfaceOrientationLandscapeRight";
				INFOPLIST_KEY_UISupportedInterfaceOrientations_iPhone = "UIInterfaceOrientationPortrait UIInterfaceOrientationLandscapeLeft UIInterfaceOrientationLandscapeRight";
				LD_RUNPATH_SEARCH_PATHS = (
					"$(inherited)",
					"@executable_path/Frameworks",
				);
				MARKETING_VERSION = 1.0;
				PRODUCT_BUNDLE_IDENTIFIER = "wwc.week3-Workshop";
				PRODUCT_NAME = "$(TARGET_NAME)";
				SWIFT_EMIT_LOC_STRINGS = YES;
				SWIFT_VERSION = 5.0;
				TARGETED_DEVICE_FAMILY = "1,2";
			};
			name = Release;
		};
		08A16EB429C98438003A5F1F /* Debug */ = {
			isa = XCBuildConfiguration;
			buildSettings = {
				ALWAYS_EMBED_SWIFT_STANDARD_LIBRARIES = YES;
				BUNDLE_LOADER = "$(TEST_HOST)";
				CODE_SIGN_STYLE = Automatic;
				CURRENT_PROJECT_VERSION = 1;
				GENERATE_INFOPLIST_FILE = YES;
				IPHONEOS_DEPLOYMENT_TARGET = 16.2;
				MARKETING_VERSION = 1.0;
				PRODUCT_BUNDLE_IDENTIFIER = "wwc.week3-WorkshopTests";
				PRODUCT_NAME = "$(TARGET_NAME)";
				SWIFT_EMIT_LOC_STRINGS = NO;
				SWIFT_VERSION = 5.0;
				TARGETED_DEVICE_FAMILY = "1,2";
				TEST_HOST = "$(BUILT_PRODUCTS_DIR)/week3 Workshop.app/$(BUNDLE_EXECUTABLE_FOLDER_PATH)/week3 Workshop";
			};
			name = Debug;
		};
		08A16EB529C98438003A5F1F /* Release */ = {
			isa = XCBuildConfiguration;
			buildSettings = {
				ALWAYS_EMBED_SWIFT_STANDARD_LIBRARIES = YES;
				BUNDLE_LOADER = "$(TEST_HOST)";
				CODE_SIGN_STYLE = Automatic;
				CURRENT_PROJECT_VERSION = 1;
				GENERATE_INFOPLIST_FILE = YES;
				IPHONEOS_DEPLOYMENT_TARGET = 16.2;
				MARKETING_VERSION = 1.0;
				PRODUCT_BUNDLE_IDENTIFIER = "wwc.week3-WorkshopTests";
				PRODUCT_NAME = "$(TARGET_NAME)";
				SWIFT_EMIT_LOC_STRINGS = NO;
				SWIFT_VERSION = 5.0;
				TARGETED_DEVICE_FAMILY = "1,2";
				TEST_HOST = "$(BUILT_PRODUCTS_DIR)/week3 Workshop.app/$(BUNDLE_EXECUTABLE_FOLDER_PATH)/week3 Workshop";
			};
			name = Release;
		};
		08A16EB729C98438003A5F1F /* Debug */ = {
			isa = XCBuildConfiguration;
			buildSettings = {
				ALWAYS_EMBED_SWIFT_STANDARD_LIBRARIES = YES;
				CODE_SIGN_STYLE = Automatic;
				CURRENT_PROJECT_VERSION = 1;
				GENERATE_INFOPLIST_FILE = YES;
				MARKETING_VERSION = 1.0;
				PRODUCT_BUNDLE_IDENTIFIER = "wwc.week3-WorkshopUITests";
				PRODUCT_NAME = "$(TARGET_NAME)";
				SWIFT_EMIT_LOC_STRINGS = NO;
				SWIFT_VERSION = 5.0;
				TARGETED_DEVICE_FAMILY = "1,2";
				TEST_TARGET_NAME = "week3 Workshop";
			};
			name = Debug;
		};
		08A16EB829C98438003A5F1F /* Release */ = {
			isa = XCBuildConfiguration;
			buildSettings = {
				ALWAYS_EMBED_SWIFT_STANDARD_LIBRARIES = YES;
				CODE_SIGN_STYLE = Automatic;
				CURRENT_PROJECT_VERSION = 1;
				GENERATE_INFOPLIST_FILE = YES;
				MARKETING_VERSION = 1.0;
				PRODUCT_BUNDLE_IDENTIFIER = "wwc.week3-WorkshopUITests";
				PRODUCT_NAME = "$(TARGET_NAME)";
				SWIFT_EMIT_LOC_STRINGS = NO;
				SWIFT_VERSION = 5.0;
				TARGETED_DEVICE_FAMILY = "1,2";
				TEST_TARGET_NAME = "week3 Workshop";
			};
			name = Release;
		};
/* End XCBuildConfiguration section */

/* Begin XCConfigurationList section */
		08A16E8729C98436003A5F1F /* Build configuration list for PBXProject "week3 Workshop" */ = {
			isa = XCConfigurationList;
			buildConfigurations = (
				08A16EAE29C98438003A5F1F /* Debug */,
				08A16EAF29C98438003A5F1F /* Release */,
			);
			defaultConfigurationIsVisible = 0;
			defaultConfigurationName = Release;
		};
		08A16EB029C98438003A5F1F /* Build configuration list for PBXNativeTarget "week3 Workshop" */ = {
			isa = XCConfigurationList;
			buildConfigurations = (
				08A16EB129C98438003A5F1F /* Debug */,
				08A16EB229C98438003A5F1F /* Release */,
			);
			defaultConfigurationIsVisible = 0;
			defaultConfigurationName = Release;
		};
		08A16EB329C98438003A5F1F /* Build configuration list for PBXNativeTarget "week3 WorkshopTests" */ = {
			isa = XCConfigurationList;
			buildConfigurations = (
				08A16EB429C98438003A5F1F /* Debug */,
				08A16EB529C98438003A5F1F /* Release */,
			);
			defaultConfigurationIsVisible = 0;
			defaultConfigurationName = Release;
		};
		08A16EB629C98438003A5F1F /* Build configuration list for PBXNativeTarget "week3 WorkshopUITests" */ = {
			isa = XCConfigurationList;
			buildConfigurations = (
				08A16EB729C98438003A5F1F /* Debug */,
				08A16EB829C98438003A5F1F /* Release */,
			);
			defaultConfigurationIsVisible = 0;
			defaultConfigurationName = Release;
		};
/* End XCConfigurationList section */
	};
	rootObject = 08A16E8429C98436003A5F1F /* Project object */;
}
